// !$*UTF8*$!
{
	archiveVersion = 1;
	classes = {
	};
	objectVersion = 46;
	objects = {

/* Begin PBXBuildFile section */
		A712C6441CD971F100CC74DA /* AppDelegate.swift in Sources */ = {isa = PBXBuildFile; fileRef = A712C6431CD971F100CC74DA /* AppDelegate.swift */; };
		A712C6461CD971F100CC74DA /* GameScene.sks in Resources */ = {isa = PBXBuildFile; fileRef = A712C6451CD971F100CC74DA /* GameScene.sks */; };
		A712C6481CD971F100CC74DA /* GameScene.swift in Sources */ = {isa = PBXBuildFile; fileRef = A712C6471CD971F100CC74DA /* GameScene.swift */; };
		A712C64A1CD971F100CC74DA /* GameViewController.swift in Sources */ = {isa = PBXBuildFile; fileRef = A712C6491CD971F100CC74DA /* GameViewController.swift */; };
		A712C64D1CD971F100CC74DA /* Main.storyboard in Resources */ = {isa = PBXBuildFile; fileRef = A712C64B1CD971F100CC74DA /* Main.storyboard */; };
		A712C64F1CD971F100CC74DA /* Assets.xcassets in Resources */ = {isa = PBXBuildFile; fileRef = A712C64E1CD971F100CC74DA /* Assets.xcassets */; };
		A712C6521CD971F100CC74DA /* LaunchScreen.storyboard in Resources */ = {isa = PBXBuildFile; fileRef = A712C6501CD971F100CC74DA /* LaunchScreen.storyboard */; };
/* End PBXBuildFile section */

/* Begin PBXFileReference section */
		A712C6401CD971F100CC74DA /* SpriteKitJumpGame.app */ = {isa = PBXFileReference; explicitFileType = wrapper.application; includeInIndex = 0; path = SpriteKitJumpGame.app; sourceTree = BUILT_PRODUCTS_DIR; };
		A712C6431CD971F100CC74DA /* AppDelegate.swift */ = {isa = PBXFileReference; lastKnownFileType = sourcecode.swift; path = AppDelegate.swift; sourceTree = "<group>"; };
		A712C6451CD971F100CC74DA /* GameScene.sks */ = {isa = PBXFileReference; lastKnownFileType = file.sks; path = GameScene.sks; sourceTree = "<group>"; };
		A712C6471CD971F100CC74DA /* GameScene.swift */ = {isa = PBXFileReference; lastKnownFileType = sourcecode.swift; path = GameScene.swift; sourceTree = "<group>"; };
		A712C6491CD971F100CC74DA /* GameViewController.swift */ = {isa = PBXFileReference; lastKnownFileType = sourcecode.swift; path = GameViewController.swift; sourceTree = "<group>"; };
		A712C64C1CD971F100CC74DA /* Base */ = {isa = PBXFileReference; lastKnownFileType = file.storyboard; name = Base; path = Base.lproj/Main.storyboard; sourceTree = "<group>"; };
		A712C64E1CD971F100CC74DA /* Assets.xcassets */ = {isa = PBXFileReference; lastKnownFileType = folder.assetcatalog; path = Assets.xcassets; sourceTree = "<group>"; };
		A712C6511CD971F100CC74DA /* Base */ = {isa = PBXFileReference; lastKnownFileType = file.storyboard; name = Base; path = Base.lproj/LaunchScreen.storyboard; sourceTree = "<group>"; };
		A712C6531CD971F100CC74DA /* Info.plist */ = {isa = PBXFileReference; lastKnownFileType = text.plist.xml; path = Info.plist; sourceTree = "<group>"; };
/* End PBXFileReference section */

/* Begin PBXFrameworksBuildPhase section */
		A712C63D1CD971F100CC74DA /* Frameworks */ = {
			isa = PBXFrameworksBuildPhase;
			buildActionMask = 2147483647;
			files = (
			);
			runOnlyForDeploymentPostprocessing = 0;
		};
/* End PBXFrameworksBuildPhase section */

/* Begin PBXGroup section */
		A712C6371CD971F100CC74DA = {
			isa = PBXGroup;
			children = (
				A712C6421CD971F100CC74DA /* SpriteKitJumpGame */,
				A712C6411CD971F100CC74DA /* Products */,
			);
			sourceTree = "<group>";
		};
		A712C6411CD971F100CC74DA /* Products */ = {
			isa = PBXGroup;
			children = (
				A712C6401CD971F100CC74DA /* SpriteKitJumpGame.app */,
			);
			name = Products;
			sourceTree = "<group>";
		};
		A712C6421CD971F100CC74DA /* SpriteKitJumpGame */ = {
			isa = PBXGroup;
			children = (
				A712C6431CD971F100CC74DA /* AppDelegate.swift */,
				A712C6451CD971F100CC74DA /* GameScene.sks */,
				A712C6471CD971F100CC74DA /* GameScene.swift */,
				A712C6491CD971F100CC74DA /* GameViewController.swift */,
				A712C64B1CD971F100CC74DA /* Main.storyboard */,
				A712C64E1CD971F100CC74DA /* Assets.xcassets */,
				A712C6501CD971F100CC74DA /* LaunchScreen.storyboard */,
				A712C6531CD971F100CC74DA /* Info.plist */,
			);
			path = SpriteKitJumpGame;
			sourceTree = "<group>";
		};
/* End PBXGroup section */

/* Begin PBXNativeTarget section */
		A712C63F1CD971F100CC74DA /* SpriteKitJumpGame */ = {
			isa = PBXNativeTarget;
			buildConfigurationList = A712C6561CD971F100CC74DA /* Build configuration list for PBXNativeTarget "SpriteKitJumpGame" */;
			buildPhases = (
				A712C63C1CD971F100CC74DA /* Sources */,
				A712C63D1CD971F100CC74DA /* Frameworks */,
				A712C63E1CD971F100CC74DA /* Resources */,
			);
			buildRules = (
			);
			dependencies = (
			);
			name = SpriteKitJumpGame;
			productName = SpriteKitJumpGame;
			productReference = A712C6401CD971F100CC74DA /* SpriteKitJumpGame.app */;
			productType = "com.apple.product-type.application";
		};
/* End PBXNativeTarget section */

/* Begin PBXProject section */
		A712C6381CD971F100CC74DA /* Project object */ = {
			isa = PBXProject;
			attributes = {
				LastSwiftUpdateCheck = 0730;
				LastUpgradeCheck = 0730;
				ORGANIZATIONNAME = AccessIT;
				TargetAttributes = {
					A712C63F1CD971F100CC74DA = {
						CreatedOnToolsVersion = 7.3;
					};
				};
			};
			buildConfigurationList = A712C63B1CD971F100CC74DA /* Build configuration list for PBXProject "SpriteKitJumpGame" */;
			compatibilityVersion = "Xcode 3.2";
			developmentRegion = English;
			hasScannedForEncodings = 0;
			knownRegions = (
				en,
				Base,
			);
			mainGroup = A712C6371CD971F100CC74DA;
			productRefGroup = A712C6411CD971F100CC74DA /* Products */;
			projectDirPath = "";
			projectRoot = "";
			targets = (
				A712C63F1CD971F100CC74DA /* SpriteKitJumpGame */,
			);
		};
/* End PBXProject section */

/* Begin PBXResourcesBuildPhase section */
		A712C63E1CD971F100CC74DA /* Resources */ = {
			isa = PBXResourcesBuildPhase;
			buildActionMask = 2147483647;
			files = (
				A712C6461CD971F100CC74DA /* GameScene.sks in Resources */,
				A712C6521CD971F100CC74DA /* LaunchScreen.storyboard in Resources */,
				A712C64F1CD971F100CC74DA /* Assets.xcassets in Resources */,
				A712C64D1CD971F100CC74DA /* Main.storyboard in Resources */,
			);
			runOnlyForDeploymentPostprocessing = 0;
		};
/* End PBXResourcesBuildPhase section */

/* Begin PBXSourcesBuildPhase section */
		A712C63C1CD971F100CC74DA /* Sources */ = {
			isa = PBXSourcesBuildPhase;
			buildActionMask = 2147483647;
			files = (
				A712C6481CD971F100CC74DA /* GameScene.swift in Sources */,
				A712C64A1CD971F100CC74DA /* GameViewController.swift in Sources */,
				A712C6441CD971F100CC74DA /* AppDelegate.swift in Sources */,
			);
			runOnlyForDeploymentPostprocessing = 0;
		};
/* End PBXSourcesBuildPhase section */

/* Begin PBXVariantGroup section */
		A712C64B1CD971F100CC74DA /* Main.storyboard */ = {
			isa = PBXVariantGroup;
			children = (
				A712C64C1CD971F100CC74DA /* Base */,
			);
			name = Main.storyboard;
			sourceTree = "<group>";
		};
		A712C6501CD971F100CC74DA /* LaunchScreen.storyboard */ = {
			isa = PBXVariantGroup;
			children = (
				A712C6511CD971F100CC74DA /* Base */,
			);
			name = LaunchScreen.storyboard;
			sourceTree = "<group>";
		};
/* End PBXVariantGroup section */

/* Begin XCBuildConfiguration section */
		A712C6541CD971F100CC74DA /* Debug */ = {
			isa = XCBuildConfiguration;
			buildSettings = {
				ALWAYS_SEARCH_USER_PATHS = NO;
				CLANG_ANALYZER_NONNULL = YES;
				CLANG_CXX_LANGUAGE_STANDARD = "gnu++0x";
				CLANG_CXX_LIBRARY = "libc++";
				CLANG_ENABLE_MODULES = YES;
				CLANG_ENABLE_OBJC_ARC = YES;
				CLANG_WARN_BOOL_CONVERSION = YES;
				CLANG_WARN_CONSTANT_CONVERSION = YES;
				CLANG_WARN_DIRECT_OBJC_ISA_USAGE = YES_ERROR;
				CLANG_WARN_EMPTY_BODY = YES;
				CLANG_WARN_ENUM_CONVERSION = YES;
				CLANG_WARN_INT_CONVERSION = YES;
				CLANG_WARN_OBJC_ROOT_CLASS = YES_ERROR;
				CLANG_WARN_UNREACHABLE_CODE = YES;
				CLANG_WARN__DUPLICATE_METHOD_MATCH = YES;
				"CODE_SIGN_IDENTITY[sdk=iphoneos*]" = "iPhone Developer";
				COPY_PHASE_STRIP = NO;
				DEBUG_INFORMATION_FORMAT = "dwarf-with-dsym";
				ENABLE_STRICT_OBJC_MSGSEND = YES;
				ENABLE_TESTABILITY = YES;
				GCC_C_LANGUAGE_STANDARD = gnu99;
				GCC_DYNAMIC_NO_PIC = NO;
				GCC_NO_COMMON_BLOCKS = YES;
				GCC_OPTIMIZATION_LEVEL = 0;
				GCC_PREPROCESSOR_DEFINITIONS = (
					"DEBUG=1",
					"$(inherited)",
				);
				GCC_WARN_64_TO_32_BIT_CONVERSION = YES;
				GCC_WARN_ABOUT_RETURN_TYPE = YES_ERROR;
				GCC_WARN_UNDECLARED_SELECTOR = YES;
				GCC_WARN_UNINITIALIZED_AUTOS = YES_AGGRESSIVE;
				GCC_WARN_UNUSED_FUNCTION = YES;
				GCC_WARN_UNUSED_VARIABLE = YES;
				IPHONEOS_DEPLOYMENT_TARGET = 9.3;
				MTL_ENABLE_DEBUG_INFO = YES;
				ONLY_ACTIVE_ARCH = YES;
				SDKROOT = iphoneos;
				SWIFT_OPTIMIZATION_LEVEL = "-Onone";
			};
			name = Debug;
		};
		A712C6551CD971F100CC74DA /* Release */ = {
			isa = XCBuildConfiguration;
			buildSettings = {
				ALWAYS_SEARCH_USER_PATHS = NO;
				CLANG_ANALYZER_NONNULL = YES;
				CLANG_CXX_LANGUAGE_STANDARD = "gnu++0x";
				CLANG_CXX_LIBRARY = "libc++";
				CLANG_ENABLE_MODULES = YES;
				CLANG_ENABLE_OBJC_ARC = YES;
				CLANG_WARN_BOOL_CONVERSION = YES;
				CLANG_WARN_CONSTANT_CONVERSION = YES;
				CLANG_WARN_DIRECT_OBJC_ISA_USAGE = YES_ERROR;
				CLANG_WARN_EMPTY_BODY = YES;
				CLANG_WARN_ENUM_CONVERSION = YES;
				CLANG_WARN_INT_CONVERSION = YES;
				CLANG_WARN_OBJC_ROOT_CLASS = YES_ERROR;
				CLANG_WARN_UNREACHABLE_CODE = YES;
				CLANG_WARN__DUPLICATE_METHOD_MATCH = YES;
				"CODE_SIGN_IDENTITY[sdk=iphoneos*]" = "iPhone Developer";
				COPY_PHASE_STRIP = NO;
				DEBUG_INFORMATION_FORMAT = "dwarf-with-dsym";
				ENABLE_NS_ASSERTIONS = NO;
				ENABLE_STRICT_OBJC_MSGSEND = YES;
				GCC_C_LANGUAGE_STANDARD = gnu99;
				GCC_NO_COMMON_BLOCKS = YES;
				GCC_WARN_64_TO_32_BIT_CONVERSION = YES;
				GCC_WARN_ABOUT_RETURN_TYPE = YES_ERROR;
				GCC_WARN_UNDECLARED_SELECTOR = YES;
				GCC_WARN_UNINITIALIZED_AUTOS = YES_AGGRESSIVE;
				GCC_WARN_UNUSED_FUNCTION = YES;
				GCC_WARN_UNUSED_VARIABLE = YES;
				IPHONEOS_DEPLOYMENT_TARGET = 9.3;
				MTL_ENABLE_DEBUG_INFO = NO;
				SDKROOT = iphoneos;
				VALIDATE_PRODUCT = YES;
			};
			name = Release;
		};
		A712C6571CD971F100CC74DA /* Debug */ = {
			isa = XCBuildConfiguration;
			buildSettings = {
				ASSETCATALOG_COMPILER_APPICON_NAME = AppIcon;
				INFOPLIST_FILE = SpriteKitJumpGame/Info.plist;
				LD_RUNPATH_SEARCH_PATHS = "$(inherited) @executable_path/Frameworks";
				PRODUCT_BUNDLE_IDENTIFIER = com.access.SpriteKitJumpGame;
				PRODUCT_NAME = "$(TARGET_NAME)";
			};
			name = Debug;
		};
		A712C6581CD971F100CC74DA /* Release */ = {
			isa = XCBuildConfiguration;
			buildSettings = {
				ASSETCATALOG_COMPILER_APPICON_NAME = AppIcon;
				INFOPLIST_FILE = SpriteKitJumpGame/Info.plist;
				LD_RUNPATH_SEARCH_PATHS = "$(inherited) @executable_path/Frameworks";
				PRODUCT_BUNDLE_IDENTIFIER = com.access.SpriteKitJumpGame;
				PRODUCT_NAME = "$(TARGET_NAME)";
			};
			name = Release;
		};
/* End XCBuildConfiguration section */

/* Begin XCConfigurationList section */
		A712C63B1CD971F100CC74DA /* Build configuration list for PBXProject "SpriteKitJumpGame" */ = {
			isa = XCConfigurationList;
			buildConfigurations = (
				A712C6541CD971F100CC74DA /* Debug */,
				A712C6551CD971F100CC74DA /* Release */,
			);
			defaultConfigurationIsVisible = 0;
			defaultConfigurationName = Release;
		};
		A712C6561CD971F100CC74DA /* Build configuration list for PBXNativeTarget "SpriteKitJumpGame" */ = {
			isa = XCConfigurationList;
			buildConfigurations = (
				A712C6571CD971F100CC74DA /* Debug */,
				A712C6581CD971F100CC74DA /* Release */,
			);
			defaultConfigurationIsVisible = 0;
		};
/* End XCConfigurationList section */
	};
	rootObject = A712C6381CD971F100CC74DA /* Project object */;
}
